PODS:
  - Bolts (1.6.0):
    - Bolts/AppLinks (= 1.6.0)
    - Bolts/Tasks (= 1.6.0)
  - Bolts/AppLinks (1.6.0):
    - Bolts/Tasks
  - Bolts/Tasks (1.6.0)
  - Fabric (1.6.6)
  - FBSDKCoreKit (4.10.0):
    - Bolts (~> 1.5)
  - FBSDKLoginKit (4.9.1):
    - FBSDKCoreKit
  - FBSDKShareKit (4.9.1):
    - FBSDKCoreKit
  - TwitterCore (1.14.6):
    - Fabric
  - TwitterKit (1.14.6):
    - TwitterCore (= 1.14.6)

DEPENDENCIES:
  - FBSDKLoginKit (~> 4.9.1)
  - FBSDKShareKit (~> 4.9.1)
  - TwitterKit

SPEC CHECKSUMS:
  Bolts: f52a250053bb517ca874523c3913776359ab3def
  Fabric: 1abc1e59f11fa39ede6f690ef7309d8563e3ec59
  FBSDKCoreKit: 13bec8373fb3af94d44daf2aa1e0958687897fbd
  FBSDKLoginKit: ec22dc49bd372b064e93d6773df4ffefb3a552a2
  FBSDKShareKit: b8c8ef0ed173f9fc1b3c8df384a0202ce53008d4
  TwitterCore: 5e9b2d066ceeef53fe611c0c4436cb700f1ed620
  TwitterKit: f67360ee0a5f935f053bf37015652ac157e4eb92

PODFILE CHECKSUM: 7344c5e3c8e45df52b34318574764fcb59a63ba9

COCOAPODS: 1.0.0.beta.3
